
Microsoft Visual Studio Solution File, Format Version 12.00
# Visual Studio 2012
Project("{FAE04EC0-301F-11D3-BF4B-00C04F79EFBC}") = "Service", "Service\Service.csproj", "{424CD3C4-645D-4701-8933-EACFE70B4548}"
EndProject
Project("{FAE04EC0-301F-11D3-BF4B-00C04F79EFBC}") = "WPFHost", "WPFHost\WPFHost.csproj", "{A04C2610-781A-427C-B904-C9BE48385315}"
EndProject
Global
	GlobalSection(SolutionConfigurationPlatforms) = preSolution
		Debug|Any CPU = Debug|Any CPU
		Release|Any CPU = Release|Any CPU
	EndGlobalSection
	GlobalSection(ProjectConfigurationPlatforms) = postSolution
		{424CD3C4-645D-4701-8933-EACFE70B4548}.Debug|Any CPU.ActiveCfg = Debug|Any CPU
		{424CD3C4-645D-4701-8933-EACFE70B4548}.Debug|Any CPU.Build.0 = Debug|Any CPU
		{424CD3C4-645D-4701-8933-EACFE70B4548}.Release|Any CPU.ActiveCfg = Release|Any CPU
		{424CD3C4-645D-4701-8933-EACFE70B4548}.Release|Any CPU.Build.0 = Release|Any CPU
		{A04C2610-781A-427C-B904-C9BE48385315}.Debug|Any CPU.ActiveCfg = Debug|Any CPU
		{A04C2610-781A-427C-B904-C9BE48385315}.Debug|Any CPU.Build.0 = Debug|Any CPU
		{A04C2610-781A-427C-B904-C9BE48385315}.Release|Any CPU.ActiveCfg = Release|Any CPU
		{A04C2610-781A-427C-B904-C9BE48385315}.Release|Any CPU.Build.0 = Release|Any CPU
	EndGlobalSection
	GlobalSection(SolutionProperties) = preSolution
		HideSolutionNode = FALSE
	EndGlobalSection
EndGlobal
